
Microsoft Visual Studio Solution File, Format Version 12.00
# Visual Studio Version 17
VisualStudioVersion = 17.6.33723.286
MinimumVisualStudioVersion = 10.0.40219.1
Project("{FAE04EC0-301F-11D3-BF4B-00C04F79EFBC}") = "Aula06_exercicioLP", "Aula06_exercicioLP.csproj", "{119341E1-D77C-40BA-AAFD-4EF0E4998A9F}"
EndProject
Global
	GlobalSection(SolutionConfigurationPlatforms) = preSolution
		Debug|Any CPU = Debug|Any CPU
		Release|Any CPU = Release|Any CPU
	EndGlobalSection
	GlobalSection(ProjectConfigurationPlatforms) = postSolution
		{119341E1-D77C-40BA-AAFD-4EF0E4998A9F}.Debug|Any CPU.ActiveCfg = Debug|Any CPU
		{119341E1-D77C-40BA-AAFD-4EF0E4998A9F}.Debug|Any CPU.Build.0 = Debug|Any CPU
		{119341E1-D77C-40BA-AAFD-4EF0E4998A9F}.Release|Any CPU.ActiveCfg = Release|Any CPU
		{119341E1-D77C-40BA-AAFD-4EF0E4998A9F}.Release|Any CPU.Build.0 = Release|Any CPU
	EndGlobalSection
	GlobalSection(SolutionProperties) = preSolution
		HideSolutionNode = FALSE
	EndGlobalSection
	GlobalSection(ExtensibilityGlobals) = postSolution
		SolutionGuid = {A5B7820C-87AA-4BC7-8247-07B0364E0686}
	EndGlobalSection
EndGlobal
